
Microsoft Visual Studio Solution File, Format Version 12.00
# Visual Studio Version 17
VisualStudioVersion = 17.0.31903.59
MinimumVisualStudioVersion = 10.0.40219.1
Project("{2150E333-8FDC-42A3-9474-1A3956D46DE8}") = "src", "src", "{827E0CD3-B72D-47B6-A68D-7590B98EB39B}"
EndProject
Project("{2150E333-8FDC-42A3-9474-1A3956D46DE8}") = "Services", "Services", "{984BB9B3-3FA3-BE33-9484-CAC21695A33C}"
EndProject
Project("{2150E333-8FDC-42A3-9474-1A3956D46DE8}") = "Catalog", "Catalog", "{C91C1CF1-1625-0789-F869-53D87D6277BA}"
EndProject
Project("{FAE04EC0-301F-11D3-BF4B-00C04F79EFBC}") = "Catalog.Api", "src\Services\Catalog\Catalog.Api\Catalog.Api.csproj", "{C7F5943A-8986-43D5-89D3-9FAE7B0EF59A}"
EndProject
Project("{2150E333-8FDC-42A3-9474-1A3956D46DE8}") = "Rentals", "Rentals", "{6BFFA8D9-0ADA-2622-751C-C5E6286F3B68}"
EndProject
Project("{FAE04EC0-301F-11D3-BF4B-00C04F79EFBC}") = "Rentals.Api", "src\Services\Rentals\Rentals.Api\Rentals.Api.csproj", "{C2F2D9B9-25FF-4EE3-868F-564986F85B02}"
EndProject
Project("{2150E333-8FDC-42A3-9474-1A3956D46DE8}") = "Web", "Web", "{03997797-E7F5-0643-168D-B8EA7178C2FE}"
EndProject
Project("{FAE04EC0-301F-11D3-BF4B-00C04F79EFBC}") = "WebApp.Mvc", "src\Web\WebApp.Mvc\WebApp.Mvc.csproj", "{7BE344CA-5E75-4D2A-98D7-2372CFE8A3BE}"
EndProject
Project("{2150E333-8FDC-42A3-9474-1A3956D46DE8}") = "Libraries", "Libraries", "{5E7EC0AF-E837-5B7A-FB41-A4DCCA877D1F}"
EndProject
Project("{FAE04EC0-301F-11D3-BF4B-00C04F79EFBC}") = "Core.Domain", "src\Libraries\Core.Domain\Core.Domain.csproj", "{DD9EB9D7-E1C3-4579-BB43-14F5D8071465}"
EndProject
Project("{FAE04EC0-301F-11D3-BF4B-00C04F79EFBC}") = "Core.Application", "src\Libraries\Core.Application\Core.Application.csproj", "{4637C842-E7F3-4535-87B0-93B2F01FE5E6}"
EndProject
Project("{FAE04EC0-301F-11D3-BF4B-00C04F79EFBC}") = "Core.Infrastructure", "src\Libraries\Core.Infrastructure\Core.Infrastructure.csproj", "{375EDF1E-4F36-4169-B16F-86D84E38BA53}"
EndProject
Global
	GlobalSection(SolutionConfigurationPlatforms) = preSolution
		Debug|Any CPU = Debug|Any CPU
		Debug|x64 = Debug|x64
		Debug|x86 = Debug|x86
		Release|Any CPU = Release|Any CPU
		Release|x64 = Release|x64
		Release|x86 = Release|x86
	EndGlobalSection
	GlobalSection(ProjectConfigurationPlatforms) = postSolution
		{C7F5943A-8986-43D5-89D3-9FAE7B0EF59A}.Debug|Any CPU.ActiveCfg = Debug|Any CPU
		{C7F5943A-8986-43D5-89D3-9FAE7B0EF59A}.Debug|Any CPU.Build.0 = Debug|Any CPU
		{C7F5943A-8986-43D5-89D3-9FAE7B0EF59A}.Debug|x64.ActiveCfg = Debug|Any CPU
		{C7F5943A-8986-43D5-89D3-9FAE7B0EF59A}.Debug|x64.Build.0 = Debug|Any CPU
		{C7F5943A-8986-43D5-89D3-9FAE7B0EF59A}.Debug|x86.ActiveCfg = Debug|Any CPU
		{C7F5943A-8986-43D5-89D3-9FAE7B0EF59A}.Debug|x86.Build.0 = Debug|Any CPU
		{C7F5943A-8986-43D5-89D3-9FAE7B0EF59A}.Release|Any CPU.ActiveCfg = Release|Any CPU
		{C7F5943A-8986-43D5-89D3-9FAE7B0EF59A}.Release|Any CPU.Build.0 = Release|Any CPU
		{C7F5943A-8986-43D5-89D3-9FAE7B0EF59A}.Release|x64.ActiveCfg = Release|Any CPU
		{C7F5943A-8986-43D5-89D3-9FAE7B0EF59A}.Release|x64.Build.0 = Release|Any CPU
		{C7F5943A-8986-43D5-89D3-9FAE7B0EF59A}.Release|x86.ActiveCfg = Release|Any CPU
		{C7F5943A-8986-43D5-89D3-9FAE7B0EF59A}.Release|x86.Build.0 = Release|Any CPU
		{C2F2D9B9-25FF-4EE3-868F-564986F85B02}.Debug|Any CPU.ActiveCfg = Debug|Any CPU
		{C2F2D9B9-25FF-4EE3-868F-564986F85B02}.Debug|Any CPU.Build.0 = Debug|Any CPU
		{C2F2D9B9-25FF-4EE3-868F-564986F85B02}.Debug|x64.ActiveCfg = Debug|Any CPU
		{C2F2D9B9-25FF-4EE3-868F-564986F85B02}.Debug|x64.Build.0 = Debug|Any CPU
		{C2F2D9B9-25FF-4EE3-868F-564986F85B02}.Debug|x86.ActiveCfg = Debug|Any CPU
		{C2F2D9B9-25FF-4EE3-868F-564986F85B02}.Debug|x86.Build.0 = Debug|Any CPU
		{C2F2D9B9-25FF-4EE3-868F-564986F85B02}.Release|Any CPU.ActiveCfg = Release|Any CPU
		{C2F2D9B9-25FF-4EE3-868F-564986F85B02}.Release|Any CPU.Build.0 = Release|Any CPU
		{C2F2D9B9-25FF-4EE3-868F-564986F85B02}.Release|x64.ActiveCfg = Release|Any CPU
		{C2F2D9B9-25FF-4EE3-868F-564986F85B02}.Release|x64.Build.0 = Release|Any CPU
		{C2F2D9B9-25FF-4EE3-868F-564986F85B02}.Release|x86.ActiveCfg = Release|Any CPU
		{C2F2D9B9-25FF-4EE3-868F-564986F85B02}.Release|x86.Build.0 = Release|Any CPU
		{7BE344CA-5E75-4D2A-98D7-2372CFE8A3BE}.Debug|Any CPU.ActiveCfg = Debug|Any CPU
		{7BE344CA-5E75-4D2A-98D7-2372CFE8A3BE}.Debug|Any CPU.Build.0 = Debug|Any CPU
		{7BE344CA-5E75-4D2A-98D7-2372CFE8A3BE}.Debug|x64.ActiveCfg = Debug|Any CPU
		{7BE344CA-5E75-4D2A-98D7-2372CFE8A3BE}.Debug|x64.Build.0 = Debug|Any CPU
		{7BE344CA-5E75-4D2A-98D7-2372CFE8A3BE}.Debug|x86.ActiveCfg = Debug|Any CPU
		{7BE344CA-5E75-4D2A-98D7-2372CFE8A3BE}.Debug|x86.Build.0 = Debug|Any CPU
		{7BE344CA-5E75-4D2A-98D7-2372CFE8A3BE}.Release|Any CPU.ActiveCfg = Release|Any CPU
		{7BE344CA-5E75-4D2A-98D7-2372CFE8A3BE}.Release|Any CPU.Build.0 = Release|Any CPU
		{7BE344CA-5E75-4D2A-98D7-2372CFE8A3BE}.Release|x64.ActiveCfg = Release|Any CPU
		{7BE344CA-5E75-4D2A-98D7-2372CFE8A3BE}.Release|x64.Build.0 = Release|Any CPU
		{7BE344CA-5E75-4D2A-98D7-2372CFE8A3BE}.Release|x86.ActiveCfg = Release|Any CPU
		{7BE344CA-5E75-4D2A-98D7-2372CFE8A3BE}.Release|x86.Build.0 = Release|Any CPU
		{DD9EB9D7-E1C3-4579-BB43-14F5D8071465}.Debug|Any CPU.ActiveCfg = Debug|Any CPU
		{DD9EB9D7-E1C3-4579-BB43-14F5D8071465}.Debug|Any CPU.Build.0 = Debug|Any CPU
		{DD9EB9D7-E1C3-4579-BB43-14F5D8071465}.Debug|x64.ActiveCfg = Debug|Any CPU
		{DD9EB9D7-E1C3-4579-BB43-14F5D8071465}.Debug|x64.Build.0 = Debug|Any CPU
		{DD9EB9D7-E1C3-4579-BB43-14F5D8071465}.Debug|x86.ActiveCfg = Debug|Any CPU
		{DD9EB9D7-E1C3-4579-BB43-14F5D8071465}.Debug|x86.Build.0 = Debug|Any CPU
		{DD9EB9D7-E1C3-4579-BB43-14F5D8071465}.Release|Any CPU.ActiveCfg = Release|Any CPU
		{DD9EB9D7-E1C3-4579-BB43-14F5D8071465}.Release|Any CPU.Build.0 = Release|Any CPU
		{DD9EB9D7-E1C3-4579-BB43-14F5D8071465}.Release|x64.ActiveCfg = Release|Any CPU
		{DD9EB9D7-E1C3-4579-BB43-14F5D8071465}.Release|x64.Build.0 = Release|Any CPU
		{DD9EB9D7-E1C3-4579-BB43-14F5D8071465}.Release|x86.ActiveCfg = Release|Any CPU
		{DD9EB9D7-E1C3-4579-BB43-14F5D8071465}.Release|x86.Build.0 = Release|Any CPU
		{4637C842-E7F3-4535-87B0-93B2F01FE5E6}.Debug|Any CPU.ActiveCfg = Debug|Any CPU
		{4637C842-E7F3-4535-87B0-93B2F01FE5E6}.Debug|Any CPU.Build.0 = Debug|Any CPU
		{4637C842-E7F3-4535-87B0-93B2F01FE5E6}.Debug|x64.ActiveCfg = Debug|Any CPU
		{4637C842-E7F3-4535-87B0-93B2F01FE5E6}.Debug|x64.Build.0 = Debug|Any CPU
		{4637C842-E7F3-4535-87B0-93B2F01FE5E6}.Debug|x86.ActiveCfg = Debug|Any CPU
		{4637C842-E7F3-4535-87B0-93B2F01FE5E6}.Debug|x86.Build.0 = Debug|Any CPU
		{4637C842-E7F3-4535-87B0-93B2F01FE5E6}.Release|Any CPU.ActiveCfg = Release|Any CPU
		{4637C842-E7F3-4535-87B0-93B2F01FE5E6}.Release|Any CPU.Build.0 = Release|Any CPU
		{4637C842-E7F3-4535-87B0-93B2F01FE5E6}.Release|x64.ActiveCfg = Release|Any CPU
		{4637C842-E7F3-4535-87B0-93B2F01FE5E6}.Release|x64.Build.0 = Release|Any CPU
		{4637C842-E7F3-4535-87B0-93B2F01FE5E6}.Release|x86.ActiveCfg = Release|Any CPU
		{4637C842-E7F3-4535-87B0-93B2F01FE5E6}.Release|x86.Build.0 = Release|Any CPU
		{375EDF1E-4F36-4169-B16F-86D84E38BA53}.Debug|Any CPU.ActiveCfg = Debug|Any CPU
		{375EDF1E-4F36-4169-B16F-86D84E38BA53}.Debug|Any CPU.Build.0 = Debug|Any CPU
		{375EDF1E-4F36-4169-B16F-86D84E38BA53}.Debug|x64.ActiveCfg = Debug|Any CPU
		{375EDF1E-4F36-4169-B16F-86D84E38BA53}.Debug|x64.Build.0 = Debug|Any CPU
		{375EDF1E-4F36-4169-B16F-86D84E38BA53}.Debug|x86.ActiveCfg = Debug|Any CPU
		{375EDF1E-4F36-4169-B16F-86D84E38BA53}.Debug|x86.Build.0 = Debug|Any CPU
		{375EDF1E-4F36-4169-B16F-86D84E38BA53}.Release|Any CPU.ActiveCfg = Release|Any CPU
		{375EDF1E-4F36-4169-B16F-86D84E38BA53}.Release|Any CPU.Build.0 = Release|Any CPU
		{375EDF1E-4F36-4169-B16F-86D84E38BA53}.Release|x64.ActiveCfg = Release|Any CPU
		{375EDF1E-4F36-4169-B16F-86D84E38BA53}.Release|x64.Build.0 = Release|Any CPU
		{375EDF1E-4F36-4169-B16F-86D84E38BA53}.Release|x86.ActiveCfg = Release|Any CPU
		{375EDF1E-4F36-4169-B16F-86D84E38BA53}.Release|x86.Build.0 = Release|Any CPU
	EndGlobalSection
	GlobalSection(SolutionProperties) = preSolution
		HideSolutionNode = FALSE
	EndGlobalSection
	GlobalSection(NestedProjects) = preSolution
		{984BB9B3-3FA3-BE33-9484-CAC21695A33C} = {827E0CD3-B72D-47B6-A68D-7590B98EB39B}
		{C91C1CF1-1625-0789-F869-53D87D6277BA} = {984BB9B3-3FA3-BE33-9484-CAC21695A33C}
		{C7F5943A-8986-43D5-89D3-9FAE7B0EF59A} = {C91C1CF1-1625-0789-F869-53D87D6277BA}
		{6BFFA8D9-0ADA-2622-751C-C5E6286F3B68} = {984BB9B3-3FA3-BE33-9484-CAC21695A33C}
		{C2F2D9B9-25FF-4EE3-868F-564986F85B02} = {6BFFA8D9-0ADA-2622-751C-C5E6286F3B68}
		{03997797-E7F5-0643-168D-B8EA7178C2FE} = {827E0CD3-B72D-47B6-A68D-7590B98EB39B}
		{7BE344CA-5E75-4D2A-98D7-2372CFE8A3BE} = {03997797-E7F5-0643-168D-B8EA7178C2FE}
		{5E7EC0AF-E837-5B7A-FB41-A4DCCA877D1F} = {827E0CD3-B72D-47B6-A68D-7590B98EB39B}
		{DD9EB9D7-E1C3-4579-BB43-14F5D8071465} = {5E7EC0AF-E837-5B7A-FB41-A4DCCA877D1F}
		{4637C842-E7F3-4535-87B0-93B2F01FE5E6} = {5E7EC0AF-E837-5B7A-FB41-A4DCCA877D1F}
		{375EDF1E-4F36-4169-B16F-86D84E38BA53} = {5E7EC0AF-E837-5B7A-FB41-A4DCCA877D1F}
	EndGlobalSection
EndGlobal
